
Microsoft Visual Studio Solution File, Format Version 12.00
# Visual Studio Version 16
VisualStudioVersion = 16.0.808.2
MinimumVisualStudioVersion = 10.0.40219.1
Project("{FAE04EC0-301F-11D3-BF4B-00C04F79EFBC}") = "BlazorMatchGame", "BlazorMatchGame.csproj", "{74F8225C-F503-4E28-A69F-FB3E19F49C8D}"
EndProject
Global
	GlobalSection(SolutionConfigurationPlatforms) = preSolution
		Debug|Any CPU = Debug|Any CPU
		Release|Any CPU = Release|Any CPU
	EndGlobalSection
	GlobalSection(ProjectConfigurationPlatforms) = postSolution
		{74F8225C-F503-4E28-A69F-FB3E19F49C8D}.Debug|Any CPU.ActiveCfg = Debug|Any CPU
		{74F8225C-F503-4E28-A69F-FB3E19F49C8D}.Debug|Any CPU.Build.0 = Debug|Any CPU
		{74F8225C-F503-4E28-A69F-FB3E19F49C8D}.Release|Any CPU.ActiveCfg = Release|Any CPU
		{74F8225C-F503-4E28-A69F-FB3E19F49C8D}.Release|Any CPU.Build.0 = Release|Any CPU
	EndGlobalSection
	GlobalSection(SolutionProperties) = preSolution
		HideSolutionNode = FALSE
	EndGlobalSection
	GlobalSection(ExtensibilityGlobals) = postSolution
		SolutionGuid = {3435225F-7FE7-4F15-925F-EA2BA50B2B39}
	EndGlobalSection
EndGlobal
